
Microsoft Visual Studio Solution File, Format Version 12.00
# Visual Studio 15
Project("{FAE04EC0-301F-11D3-BF4B-00C04F79EFBC}") = "Assembly-CSharp", "Assembly-CSharp.csproj", "{2BC83D3F-BE53-67AB-01B0-C9F6D23EDA01}"
EndProject
Project("{FAE04EC0-301F-11D3-BF4B-00C04F79EFBC}") = "Assembly-CSharp-Editor", "Assembly-CSharp-Editor.csproj", "{83EE4357-F6C2-A008-01B0-7BE800FA0EB1}"
EndProject
Project("{FAE04EC0-301F-11D3-BF4B-00C04F79EFBC}") = "Unity.InputSystem.RebindingUI", "Unity.InputSystem.RebindingUI.csproj", "{503EE40D-B52B-82E5-5333-6E339C4CE0F6}"
EndProject
Global
	GlobalSection(SolutionConfigurationPlatforms) = preSolution
		Debug|Any CPU = Debug|Any CPU
		Release|Any CPU = Release|Any CPU
	EndGlobalSection
	GlobalSection(ProjectConfigurationPlatforms) = postSolution
		{2BC83D3F-BE53-67AB-01B0-C9F6D23EDA01}.Debug|Any CPU.ActiveCfg = Debug|Any CPU
		{2BC83D3F-BE53-67AB-01B0-C9F6D23EDA01}.Debug|Any CPU.Build.0 = Debug|Any CPU
		{2BC83D3F-BE53-67AB-01B0-C9F6D23EDA01}.Release|Any CPU.ActiveCfg = Release|Any CPU
		{2BC83D3F-BE53-67AB-01B0-C9F6D23EDA01}.Release|Any CPU.Build.0 = Release|Any CPU
		{83EE4357-F6C2-A008-01B0-7BE800FA0EB1}.Debug|Any CPU.ActiveCfg = Debug|Any CPU
		{83EE4357-F6C2-A008-01B0-7BE800FA0EB1}.Debug|Any CPU.Build.0 = Debug|Any CPU
		{83EE4357-F6C2-A008-01B0-7BE800FA0EB1}.Release|Any CPU.ActiveCfg = Release|Any CPU
		{83EE4357-F6C2-A008-01B0-7BE800FA0EB1}.Release|Any CPU.Build.0 = Release|Any CPU
		{503EE40D-B52B-82E5-5333-6E339C4CE0F6}.Debug|Any CPU.ActiveCfg = Debug|Any CPU
		{503EE40D-B52B-82E5-5333-6E339C4CE0F6}.Debug|Any CPU.Build.0 = Debug|Any CPU
		{503EE40D-B52B-82E5-5333-6E339C4CE0F6}.Release|Any CPU.ActiveCfg = Release|Any CPU
		{503EE40D-B52B-82E5-5333-6E339C4CE0F6}.Release|Any CPU.Build.0 = Release|Any CPU
	EndGlobalSection
	GlobalSection(SolutionProperties) = preSolution
		HideSolutionNode = FALSE
	EndGlobalSection
EndGlobal
