
Microsoft Visual Studio Solution File, Format Version 11.00
# Visual Studio 2010
Project("{FAE04EC0-301F-11D3-BF4B-00C04F79EFBC}") = "Assembly-CSharp", "Assembly-CSharp.csproj", "{3f3dc82b-53be-ab67-01b0-c9f6d23eda01}"
EndProject
Project("{FAE04EC0-301F-11D3-BF4B-00C04F79EFBC}") = "BzKovSoft.ObjectSlicer", "BzKovSoft.ObjectSlicer.csproj", "{ffe1588c-a391-115f-d0b1-6df2e88b0d65}"
EndProject
Project("{FAE04EC0-301F-11D3-BF4B-00C04F79EFBC}") = "Assembly-CSharp-Editor", "Assembly-CSharp-Editor.csproj", "{5743ee83-c2f6-08a0-01b0-7be800fa0eb1}"
EndProject
Project("{FAE04EC0-301F-11D3-BF4B-00C04F79EFBC}") = "Unity.InputSystem.RebindingUI", "Unity.InputSystem.RebindingUI.csproj", "{0de43e50-2bb5-e582-5333-6e339c4ce0f6}"
EndProject
Project("{FAE04EC0-301F-11D3-BF4B-00C04F79EFBC}") = "BzKovSoft.ObjectSlicer.Samples", "BzKovSoft.ObjectSlicer.Samples.csproj", "{725eb526-cefa-789c-140a-ce5c488f3646}"
EndProject
Project("{FAE04EC0-301F-11D3-BF4B-00C04F79EFBC}") = "BzKovSoft.ObjectSlicer.Tests", "BzKovSoft.ObjectSlicer.Tests.csproj", "{f55407f0-2ac9-386c-8fdb-fa6fdd1b904d}"
EndProject
Project("{FAE04EC0-301F-11D3-BF4B-00C04F79EFBC}") = "BzKovSoft.CharacterSlicer", "BzKovSoft.CharacterSlicer.csproj", "{8389891c-098e-9ee0-9aa2-f432f2d2c605}"
EndProject
Global
	GlobalSection(SolutionConfigurationPlatforms) = preSolution
		Debug|Any CPU = Debug|Any CPU
	EndGlobalSection
	GlobalSection(ProjectConfigurationPlatforms) = postSolution
		{3f3dc82b-53be-ab67-01b0-c9f6d23eda01}.Debug|Any CPU.ActiveCfg = Debug|Any CPU
		{3f3dc82b-53be-ab67-01b0-c9f6d23eda01}.Debug|Any CPU.Build.0 = Debug|Any CPU
		{ffe1588c-a391-115f-d0b1-6df2e88b0d65}.Debug|Any CPU.ActiveCfg = Debug|Any CPU
		{ffe1588c-a391-115f-d0b1-6df2e88b0d65}.Debug|Any CPU.Build.0 = Debug|Any CPU
		{5743ee83-c2f6-08a0-01b0-7be800fa0eb1}.Debug|Any CPU.ActiveCfg = Debug|Any CPU
		{5743ee83-c2f6-08a0-01b0-7be800fa0eb1}.Debug|Any CPU.Build.0 = Debug|Any CPU
		{0de43e50-2bb5-e582-5333-6e339c4ce0f6}.Debug|Any CPU.ActiveCfg = Debug|Any CPU
		{0de43e50-2bb5-e582-5333-6e339c4ce0f6}.Debug|Any CPU.Build.0 = Debug|Any CPU
		{725eb526-cefa-789c-140a-ce5c488f3646}.Debug|Any CPU.ActiveCfg = Debug|Any CPU
		{725eb526-cefa-789c-140a-ce5c488f3646}.Debug|Any CPU.Build.0 = Debug|Any CPU
		{f55407f0-2ac9-386c-8fdb-fa6fdd1b904d}.Debug|Any CPU.ActiveCfg = Debug|Any CPU
		{f55407f0-2ac9-386c-8fdb-fa6fdd1b904d}.Debug|Any CPU.Build.0 = Debug|Any CPU
		{8389891c-098e-9ee0-9aa2-f432f2d2c605}.Debug|Any CPU.ActiveCfg = Debug|Any CPU
		{8389891c-098e-9ee0-9aa2-f432f2d2c605}.Debug|Any CPU.Build.0 = Debug|Any CPU
	EndGlobalSection
	GlobalSection(SolutionProperties) = preSolution
		HideSolutionNode = FALSE
	EndGlobalSection
EndGlobal
