
Microsoft Visual Studio Solution File, Format Version 11.00
# Visual Studio 2010
Project("{FAE04EC0-301F-11D3-BF4B-00C04F79EFBC}") = "Assembly-CSharp", "Assembly-CSharp.csproj", "{cb3494af-bfac-d36d-033e-6dda0fc7bd5b}"
EndProject
Project("{FAE04EC0-301F-11D3-BF4B-00C04F79EFBC}") = "Assembly-CSharp-Editor", "Assembly-CSharp-Editor.csproj", "{a3115a23-f2fd-12bf-52f4-918bd684c303}"
EndProject
Project("{FAE04EC0-301F-11D3-BF4B-00C04F79EFBC}") = "Unity.InputSystem.RebindingUI", "Unity.InputSystem.RebindingUI.csproj", "{6b076b54-b6e1-475d-f15d-9833292a8d86}"
EndProject
Global
	GlobalSection(SolutionConfigurationPlatforms) = preSolution
		Debug|Any CPU = Debug|Any CPU
	EndGlobalSection
	GlobalSection(ProjectConfigurationPlatforms) = postSolution
		{cb3494af-bfac-d36d-033e-6dda0fc7bd5b}.Debug|Any CPU.ActiveCfg = Debug|Any CPU
		{cb3494af-bfac-d36d-033e-6dda0fc7bd5b}.Debug|Any CPU.Build.0 = Debug|Any CPU
		{a3115a23-f2fd-12bf-52f4-918bd684c303}.Debug|Any CPU.ActiveCfg = Debug|Any CPU
		{a3115a23-f2fd-12bf-52f4-918bd684c303}.Debug|Any CPU.Build.0 = Debug|Any CPU
		{6b076b54-b6e1-475d-f15d-9833292a8d86}.Debug|Any CPU.ActiveCfg = Debug|Any CPU
		{6b076b54-b6e1-475d-f15d-9833292a8d86}.Debug|Any CPU.Build.0 = Debug|Any CPU
	EndGlobalSection
	GlobalSection(SolutionProperties) = preSolution
		HideSolutionNode = FALSE
	EndGlobalSection
EndGlobal
